
Microsoft Visual Studio Solution File, Format Version 12.00
# Visual Studio Version 16
VisualStudioVersion = 16.0.29418.71
MinimumVisualStudioVersion = 10.0.40219.1
Project("{FAE04EC0-301F-11D3-BF4B-00C04F79EFBC}") = "C_Project", "C_Project\C_Project.csproj", "{0541AE55-9228-4C7D-A7B0-985978328409}"
EndProject
Global
	GlobalSection(SolutionConfigurationPlatforms) = preSolution
		Debug|Any CPU = Debug|Any CPU
		Release|Any CPU = Release|Any CPU
	EndGlobalSection
	GlobalSection(ProjectConfigurationPlatforms) = postSolution
		{0541AE55-9228-4C7D-A7B0-985978328409}.Debug|Any CPU.ActiveCfg = Debug|Any CPU
		{0541AE55-9228-4C7D-A7B0-985978328409}.Debug|Any CPU.Build.0 = Debug|Any CPU
		{0541AE55-9228-4C7D-A7B0-985978328409}.Release|Any CPU.ActiveCfg = Release|Any CPU
		{0541AE55-9228-4C7D-A7B0-985978328409}.Release|Any CPU.Build.0 = Release|Any CPU
	EndGlobalSection
	GlobalSection(SolutionProperties) = preSolution
		HideSolutionNode = FALSE
	EndGlobalSection
	GlobalSection(ExtensibilityGlobals) = postSolution
		SolutionGuid = {D28CC310-4D36-4114-88A3-01B12B316BFD}
	EndGlobalSection
EndGlobal
